// !$*UTF8*$!
{
	archiveVersion = 1;
	classes = {
	};
	objectVersion = 46;
	objects = {

/* Begin PBXBuildFile section */
		CBE3E53C1BC7537C002602F2 /* AppDelegate.swift in Sources */ = {isa = PBXBuildFile; fileRef = CBE3E53B1BC7537C002602F2 /* AppDelegate.swift */; };
		CBE3E53E1BC7537C002602F2 /* ViewController.swift in Sources */ = {isa = PBXBuildFile; fileRef = CBE3E53D1BC7537C002602F2 /* ViewController.swift */; };
		CBE3E5411BC7537C002602F2 /* Main.storyboard in Resources */ = {isa = PBXBuildFile; fileRef = CBE3E53F1BC7537C002602F2 /* Main.storyboard */; };
		CBE3E5431BC7537C002602F2 /* Images.xcassets in Resources */ = {isa = PBXBuildFile; fileRef = CBE3E5421BC7537C002602F2 /* Images.xcassets */; };
		CBE3E5461BC7537C002602F2 /* LaunchScreen.xib in Resources */ = {isa = PBXBuildFile; fileRef = CBE3E5441BC7537C002602F2 /* LaunchScreen.xib */; };
		CBE3E5521BC7537C002602F2 /* TableTestTests.swift in Sources */ = {isa = PBXBuildFile; fileRef = CBE3E5511BC7537C002602F2 /* TableTestTests.swift */; };
/* End PBXBuildFile section */

/* Begin PBXContainerItemProxy section */
		CBE3E54C1BC7537C002602F2 /* PBXContainerItemProxy */ = {
			isa = PBXContainerItemProxy;
			containerPortal = CBE3E52E1BC7537C002602F2 /* Project object */;
			proxyType = 1;
			remoteGlobalIDString = CBE3E5351BC7537C002602F2;
			remoteInfo = TableTest;
		};
/* End PBXContainerItemProxy section */

/* Begin PBXFileReference section */
		CBE3E5361BC7537C002602F2 /* TableTest.app */ = {isa = PBXFileReference; explicitFileType = wrapper.application; includeInIndex = 0; path = TableTest.app; sourceTree = BUILT_PRODUCTS_DIR; };
		CBE3E53A1BC7537C002602F2 /* Info.plist */ = {isa = PBXFileReference; lastKnownFileType = text.plist.xml; path = Info.plist; sourceTree = "<group>"; };
		CBE3E53B1BC7537C002602F2 /* AppDelegate.swift */ = {isa = PBXFileReference; lastKnownFileType = sourcecode.swift; path = AppDelegate.swift; sourceTree = "<group>"; };
		CBE3E53D1BC7537C002602F2 /* ViewController.swift */ = {isa = PBXFileReference; lastKnownFileType = sourcecode.swift; path = ViewController.swift; sourceTree = "<group>"; };
		CBE3E5401BC7537C002602F2 /* Base */ = {isa = PBXFileReference; lastKnownFileType = file.storyboard; name = Base; path = Base.lproj/Main.storyboard; sourceTree = "<group>"; };
		CBE3E5421BC7537C002602F2 /* Images.xcassets */ = {isa = PBXFileReference; lastKnownFileType = folder.assetcatalog; path = Images.xcassets; sourceTree = "<group>"; };
		CBE3E5451BC7537C002602F2 /* Base */ = {isa = PBXFileReference; lastKnownFileType = file.xib; name = Base; path = Base.lproj/LaunchScreen.xib; sourceTree = "<group>"; };
		CBE3E54B1BC7537C002602F2 /* TableTestTests.xctest */ = {isa = PBXFileReference; explicitFileType = wrapper.cfbundle; includeInIndex = 0; path = TableTestTests.xctest; sourceTree = BUILT_PRODUCTS_DIR; };
		CBE3E5501BC7537C002602F2 /* Info.plist */ = {isa = PBXFileReference; lastKnownFileType = text.plist.xml; path = Info.plist; sourceTree = "<group>"; };
		CBE3E5511BC7537C002602F2 /* TableTestTests.swift */ = {isa = PBXFileReference; lastKnownFileType = sourcecode.swift; path = TableTestTests.swift; sourceTree = "<group>"; };
/* End PBXFileReference section */

/* Begin PBXFrameworksBuildPhase section */
		CBE3E5331BC7537C002602F2 /* Frameworks */ = {
			isa = PBXFrameworksBuildPhase;
			buildActionMask = 2147483647;
			files = (
			);
			runOnlyForDeploymentPostprocessing = 0;
		};
		CBE3E5481BC7537C002602F2 /* Frameworks */ = {
			isa = PBXFrameworksBuildPhase;
			buildActionMask = 2147483647;
			files = (
			);
			runOnlyForDeploymentPostprocessing = 0;
		};
/* End PBXFrameworksBuildPhase section */

/* Begin PBXGroup section */
		CBE3E52D1BC7537C002602F2 = {
			isa = PBXGroup;
			children = (
				CBE3E5381BC7537C002602F2 /* TableTest */,
				CBE3E54E1BC7537C002602F2 /* TableTestTests */,
				CBE3E5371BC7537C002602F2 /* Products */,
			);
			sourceTree = "<group>";
		};
		CBE3E5371BC7537C002602F2 /* Products */ = {
			isa = PBXGroup;
			children = (
				CBE3E5361BC7537C002602F2 /* TableTest.app */,
				CBE3E54B1BC7537C002602F2 /* TableTestTests.xctest */,
			);
			name = Products;
			sourceTree = "<group>";
		};
		CBE3E5381BC7537C002602F2 /* TableTest */ = {
			isa = PBXGroup;
			children = (
				CBE3E53B1BC7537C002602F2 /* AppDelegate.swift */,
				CBE3E53D1BC7537C002602F2 /* ViewController.swift */,
				CBE3E53F1BC7537C002602F2 /* Main.storyboard */,
				CBE3E5421BC7537C002602F2 /* Images.xcassets */,
				CBE3E5441BC7537C002602F2 /* LaunchScreen.xib */,
				CBE3E5391BC7537C002602F2 /* Supporting Files */,
			);
			path = TableTest;
			sourceTree = "<group>";
		};
		CBE3E5391BC7537C002602F2 /* Supporting Files */ = {
			isa = PBXGroup;
			children = (
				CBE3E53A1BC7537C002602F2 /* Info.plist */,
			);
			name = "Supporting Files";
			sourceTree = "<group>";
		};
		CBE3E54E1BC7537C002602F2 /* TableTestTests */ = {
			isa = PBXGroup;
			children = (
				CBE3E5511BC7537C002602F2 /* TableTestTests.swift */,
				CBE3E54F1BC7537C002602F2 /* Supporting Files */,
			);
			path = TableTestTests;
			sourceTree = "<group>";
		};
		CBE3E54F1BC7537C002602F2 /* Supporting Files */ = {
			isa = PBXGroup;
			children = (
				CBE3E5501BC7537C002602F2 /* Info.plist */,
			);
			name = "Supporting Files";
			sourceTree = "<group>";
		};
/* End PBXGroup section */

/* Begin PBXNativeTarget section */
		CBE3E5351BC7537C002602F2 /* TableTest */ = {
			isa = PBXNativeTarget;
			buildConfigurationList = CBE3E5551BC7537C002602F2 /* Build configuration list for PBXNativeTarget "TableTest" */;
			buildPhases = (
				CBE3E5321BC7537C002602F2 /* Sources */,
				CBE3E5331BC7537C002602F2 /* Frameworks */,
				CBE3E5341BC7537C002602F2 /* Resources */,
			);
			buildRules = (
			);
			dependencies = (
			);
			name = TableTest;
			productName = TableTest;
			productReference = CBE3E5361BC7537C002602F2 /* TableTest.app */;
			productType = "com.apple.product-type.application";
		};
		CBE3E54A1BC7537C002602F2 /* TableTestTests */ = {
			isa = PBXNativeTarget;
			buildConfigurationList = CBE3E5581BC7537C002602F2 /* Build configuration list for PBXNativeTarget "TableTestTests" */;
			buildPhases = (
				CBE3E5471BC7537C002602F2 /* Sources */,
				CBE3E5481BC7537C002602F2 /* Frameworks */,
				CBE3E5491BC7537C002602F2 /* Resources */,
			);
			buildRules = (
			);
			dependencies = (
				CBE3E54D1BC7537C002602F2 /* PBXTargetDependency */,
			);
			name = TableTestTests;
			productName = TableTestTests;
			productReference = CBE3E54B1BC7537C002602F2 /* TableTestTests.xctest */;
			productType = "com.apple.product-type.bundle.unit-test";
		};
/* End PBXNativeTarget section */

/* Begin PBXProject section */
		CBE3E52E1BC7537C002602F2 /* Project object */ = {
			isa = PBXProject;
			attributes = {
				LastUpgradeCheck = 0640;
				ORGANIZATIONNAME = "Charlie Depman";
				TargetAttributes = {
					CBE3E5351BC7537C002602F2 = {
						CreatedOnToolsVersion = 6.4;
					};
					CBE3E54A1BC7537C002602F2 = {
						CreatedOnToolsVersion = 6.4;
						TestTargetID = CBE3E5351BC7537C002602F2;
					};
				};
			};
			buildConfigurationList = CBE3E5311BC7537C002602F2 /* Build configuration list for PBXProject "TableTest" */;
			compatibilityVersion = "Xcode 3.2";
			developmentRegion = English;
			hasScannedForEncodings = 0;
			knownRegions = (
				en,
				Base,
			);
			mainGroup = CBE3E52D1BC7537C002602F2;
			productRefGroup = CBE3E5371BC7537C002602F2 /* Products */;
			projectDirPath = "";
			projectRoot = "";
			targets = (
				CBE3E5351BC7537C002602F2 /* TableTest */,
				CBE3E54A1BC7537C002602F2 /* TableTestTests */,
			);
		};
/* End PBXProject section */

/* Begin PBXResourcesBuildPhase section */
		CBE3E5341BC7537C002602F2 /* Resources */ = {
			isa = PBXResourcesBuildPhase;
			buildActionMask = 2147483647;
			files = (
				CBE3E5411BC7537C002602F2 /* Main.storyboard in Resources */,
				CBE3E5461BC7537C002602F2 /* LaunchScreen.xib in Resources */,
				CBE3E5431BC7537C002602F2 /* Images.xcassets in Resources */,
			);
			runOnlyForDeploymentPostprocessing = 0;
		};
		CBE3E5491BC7537C002602F2 /* Resources */ = {
			isa = PBXResourcesBuildPhase;
			buildActionMask = 2147483647;
			files = (
			);
			runOnlyForDeploymentPostprocessing = 0;
		};
/* End PBXResourcesBuildPhase section */

/* Begin PBXSourcesBuildPhase section */
		CBE3E5321BC7537C002602F2 /* Sources */ = {
			isa = PBXSourcesBuildPhase;
			buildActionMask = 2147483647;
			files = (
				CBE3E53E1BC7537C002602F2 /* ViewController.swift in Sources */,
				CBE3E53C1BC7537C002602F2 /* AppDelegate.swift in Sources */,
			);
			runOnlyForDeploymentPostprocessing = 0;
		};
		CBE3E5471BC7537C002602F2 /* Sources */ = {
			isa = PBXSourcesBuildPhase;
			buildActionMask = 2147483647;
			files = (
				CBE3E5521BC7537C002602F2 /* TableTestTests.swift in Sources */,
			);
			runOnlyForDeploymentPostprocessing = 0;
		};
/* End PBXSourcesBuildPhase section */

/* Begin PBXTargetDependency section */
		CBE3E54D1BC7537C002602F2 /* PBXTargetDependency */ = {
			isa = PBXTargetDependency;
			target = CBE3E5351BC7537C002602F2 /* TableTest */;
			targetProxy = CBE3E54C1BC7537C002602F2 /* PBXContainerItemProxy */;
		};
/* End PBXTargetDependency section */

/* Begin PBXVariantGroup section */
		CBE3E53F1BC7537C002602F2 /* Main.storyboard */ = {
			isa = PBXVariantGroup;
			children = (
				CBE3E5401BC7537C002602F2 /* Base */,
			);
			name = Main.storyboard;
			sourceTree = "<group>";
		};
		CBE3E5441BC7537C002602F2 /* LaunchScreen.xib */ = {
			isa = PBXVariantGroup;
			children = (
				CBE3E5451BC7537C002602F2 /* Base */,
			);
			name = LaunchScreen.xib;
			sourceTree = "<group>";
		};
/* End PBXVariantGroup section */

/* Begin XCBuildConfiguration section */
		CBE3E5531BC7537C002602F2 /* Debug */ = {
			isa = XCBuildConfiguration;
			buildSettings = {
				ALWAYS_SEARCH_USER_PATHS = NO;
				CLANG_CXX_LANGUAGE_STANDARD = "gnu++0x";
				CLANG_CXX_LIBRARY = "libc++";
				CLANG_ENABLE_MODULES = YES;
				CLANG_ENABLE_OBJC_ARC = YES;
				CLANG_WARN_BOOL_CONVERSION = YES;
				CLANG_WARN_CONSTANT_CONVERSION = YES;
				CLANG_WARN_DIRECT_OBJC_ISA_USAGE = YES_ERROR;
				CLANG_WARN_EMPTY_BODY = YES;
				CLANG_WARN_ENUM_CONVERSION = YES;
				CLANG_WARN_INT_CONVERSION = YES;
				CLANG_WARN_OBJC_ROOT_CLASS = YES_ERROR;
				CLANG_WARN_UNREACHABLE_CODE = YES;
				CLANG_WARN__DUPLICATE_METHOD_MATCH = YES;
				"CODE_SIGN_IDENTITY[sdk=iphoneos*]" = "iPhone Developer";
				COPY_PHASE_STRIP = NO;
				DEBUG_INFORMATION_FORMAT = "dwarf-with-dsym";
				ENABLE_STRICT_OBJC_MSGSEND = YES;
				GCC_C_LANGUAGE_STANDARD = gnu99;
				GCC_DYNAMIC_NO_PIC = NO;
				GCC_NO_COMMON_BLOCKS = YES;
				GCC_OPTIMIZATION_LEVEL = 0;
				GCC_PREPROCESSOR_DEFINITIONS = (
					"DEBUG=1",
					"$(inherited)",
				);
				GCC_SYMBOLS_PRIVATE_EXTERN = NO;
				GCC_WARN_64_TO_32_BIT_CONVERSION = YES;
				GCC_WARN_ABOUT_RETURN_TYPE = YES_ERROR;
				GCC_WARN_UNDECLARED_SELECTOR = YES;
				GCC_WARN_UNINITIALIZED_AUTOS = YES_AGGRESSIVE;
				GCC_WARN_UNUSED_FUNCTION = YES;
				GCC_WARN_UNUSED_VARIABLE = YES;
				IPHONEOS_DEPLOYMENT_TARGET = 8.4;
				MTL_ENABLE_DEBUG_INFO = YES;
				ONLY_ACTIVE_ARCH = YES;
				SDKROOT = iphoneos;
				SWIFT_OPTIMIZATION_LEVEL = "-Onone";
			};
			name = Debug;
		};
		CBE3E5541BC7537C002602F2 /* Release */ = {
			isa = XCBuildConfiguration;
			buildSettings = {
				ALWAYS_SEARCH_USER_PATHS = NO;
				CLANG_CXX_LANGUAGE_STANDARD = "gnu++0x";
				CLANG_CXX_LIBRARY = "libc++";
				CLANG_ENABLE_MODULES = YES;
				CLANG_ENABLE_OBJC_ARC = YES;
				CLANG_WARN_BOOL_CONVERSION = YES;
				CLANG_WARN_CONSTANT_CONVERSION = YES;
				CLANG_WARN_DIRECT_OBJC_ISA_USAGE = YES_ERROR;
				CLANG_WARN_EMPTY_BODY = YES;
				CLANG_WARN_ENUM_CONVERSION = YES;
				CLANG_WARN_INT_CONVERSION = YES;
				CLANG_WARN_OBJC_ROOT_CLASS = YES_ERROR;
				CLANG_WARN_UNREACHABLE_CODE = YES;
				CLANG_WARN__DUPLICATE_METHOD_MATCH = YES;
				"CODE_SIGN_IDENTITY[sdk=iphoneos*]" = "iPhone Developer";
				COPY_PHASE_STRIP = NO;
				DEBUG_INFORMATION_FORMAT = "dwarf-with-dsym";
				ENABLE_NS_ASSERTIONS = NO;
				ENABLE_STRICT_OBJC_MSGSEND = YES;
				GCC_C_LANGUAGE_STANDARD = gnu99;
				GCC_NO_COMMON_BLOCKS = YES;
				GCC_WARN_64_TO_32_BIT_CONVERSION = YES;
				GCC_WARN_ABOUT_RETURN_TYPE = YES_ERROR;
				GCC_WARN_UNDECLARED_SELECTOR = YES;
				GCC_WARN_UNINITIALIZED_AUTOS = YES_AGGRESSIVE;
				GCC_WARN_UNUSED_FUNCTION = YES;
				GCC_WARN_UNUSED_VARIABLE = YES;
				IPHONEOS_DEPLOYMENT_TARGET = 8.4;
				MTL_ENABLE_DEBUG_INFO = NO;
				SDKROOT = iphoneos;
				VALIDATE_PRODUCT = YES;
			};
			name = Release;
		};
		CBE3E5561BC7537C002602F2 /* Debug */ = {
			isa = XCBuildConfiguration;
			buildSettings = {
				ASSETCATALOG_COMPILER_APPICON_NAME = AppIcon;
				INFOPLIST_FILE = TableTest/Info.plist;
				LD_RUNPATH_SEARCH_PATHS = "$(inherited) @executable_path/Frameworks";
				PRODUCT_NAME = "$(TARGET_NAME)";
			};
			name = Debug;
		};
		CBE3E5571BC7537C002602F2 /* Release */ = {
			isa = XCBuildConfiguration;
			buildSettings = {
				ASSETCATALOG_COMPILER_APPICON_NAME = AppIcon;
				INFOPLIST_FILE = TableTest/Info.plist;
				LD_RUNPATH_SEARCH_PATHS = "$(inherited) @executable_path/Frameworks";
				PRODUCT_NAME = "$(TARGET_NAME)";
			};
			name = Release;
		};
		CBE3E5591BC7537C002602F2 /* Debug */ = {
			isa = XCBuildConfiguration;
			buildSettings = {
				BUNDLE_LOADER = "$(TEST_HOST)";
				FRAMEWORK_SEARCH_PATHS = (
					"$(SDKROOT)/Developer/Library/Frameworks",
					"$(inherited)",
				);
				GCC_PREPROCESSOR_DEFINITIONS = (
					"DEBUG=1",
					"$(inherited)",
				);
				INFOPLIST_FILE = TableTestTests/Info.plist;
				LD_RUNPATH_SEARCH_PATHS = "$(inherited) @executable_path/Frameworks @loader_path/Frameworks";
				PRODUCT_NAME = "$(TARGET_NAME)";
				TEST_HOST = "$(BUILT_PRODUCTS_DIR)/TableTest.app/TableTest";
			};
			name = Debug;
		};
		CBE3E55A1BC7537C002602F2 /* Release */ = {
			isa = XCBuildConfiguration;
			buildSettings = {
				BUNDLE_LOADER = "$(TEST_HOST)";
				FRAMEWORK_SEARCH_PATHS = (
					"$(SDKROOT)/Developer/Library/Frameworks",
					"$(inherited)",
				);
				INFOPLIST_FILE = TableTestTests/Info.plist;
				LD_RUNPATH_SEARCH_PATHS = "$(inherited) @executable_path/Frameworks @loader_path/Frameworks";
				PRODUCT_NAME = "$(TARGET_NAME)";
				TEST_HOST = "$(BUILT_PRODUCTS_DIR)/TableTest.app/TableTest";
			};
			name = Release;
		};
/* End XCBuildConfiguration section */

/* Begin XCConfigurationList section */
		CBE3E5311BC7537C002602F2 /* Build configuration list for PBXProject "TableTest" */ = {
			isa = XCConfigurationList;
			buildConfigurations = (
				CBE3E5531BC7537C002602F2 /* Debug */,
				CBE3E5541BC7537C002602F2 /* Release */,
			);
			defaultConfigurationIsVisible = 0;
			defaultConfigurationName = Release;
		};
		CBE3E5551BC7537C002602F2 /* Build configuration list for PBXNativeTarget "TableTest" */ = {
			isa = XCConfigurationList;
			buildConfigurations = (
				CBE3E5561BC7537C002602F2 /* Debug */,
				CBE3E5571BC7537C002602F2 /* Release */,
			);
			defaultConfigurationIsVisible = 0;
		};
		CBE3E5581BC7537C002602F2 /* Build configuration list for PBXNativeTarget "TableTestTests" */ = {
			isa = XCConfigurationList;
			buildConfigurations = (
				CBE3E5591BC7537C002602F2 /* Debug */,
				CBE3E55A1BC7537C002602F2 /* Release */,
			);
			defaultConfigurationIsVisible = 0;
		};
/* End XCConfigurationList section */
	};
	rootObject = CBE3E52E1BC7537C002602F2 /* Project object */;
}
