// !$*UTF8*$!
{
	archiveVersion = 1;
	classes = {
	};
	objectVersion = 46;
	objects = {

/* Begin PBXBuildFile section */
		CB7465221BA4F30700D1A6A0 /* AppDelegate.swift in Sources */ = {isa = PBXBuildFile; fileRef = CB7465211BA4F30700D1A6A0 /* AppDelegate.swift */; };
		CB7465241BA4F30700D1A6A0 /* ViewController.swift in Sources */ = {isa = PBXBuildFile; fileRef = CB7465231BA4F30700D1A6A0 /* ViewController.swift */; };
		CB7465271BA4F30700D1A6A0 /* Main.storyboard in Resources */ = {isa = PBXBuildFile; fileRef = CB7465251BA4F30700D1A6A0 /* Main.storyboard */; };
		CB7465291BA4F30700D1A6A0 /* Images.xcassets in Resources */ = {isa = PBXBuildFile; fileRef = CB7465281BA4F30700D1A6A0 /* Images.xcassets */; };
		CB74652C1BA4F30700D1A6A0 /* LaunchScreen.xib in Resources */ = {isa = PBXBuildFile; fileRef = CB74652A1BA4F30700D1A6A0 /* LaunchScreen.xib */; };
		CB7465381BA4F30700D1A6A0 /* CalculatorTests.swift in Sources */ = {isa = PBXBuildFile; fileRef = CB7465371BA4F30700D1A6A0 /* CalculatorTests.swift */; };
/* End PBXBuildFile section */

/* Begin PBXContainerItemProxy section */
		CB7465321BA4F30700D1A6A0 /* PBXContainerItemProxy */ = {
			isa = PBXContainerItemProxy;
			containerPortal = CB7465141BA4F30700D1A6A0 /* Project object */;
			proxyType = 1;
			remoteGlobalIDString = CB74651B1BA4F30700D1A6A0;
			remoteInfo = Calculator;
		};
/* End PBXContainerItemProxy section */

/* Begin PBXFileReference section */
		CB74651C1BA4F30700D1A6A0 /* Calculator.app */ = {isa = PBXFileReference; explicitFileType = wrapper.application; includeInIndex = 0; path = Calculator.app; sourceTree = BUILT_PRODUCTS_DIR; };
		CB7465201BA4F30700D1A6A0 /* Info.plist */ = {isa = PBXFileReference; lastKnownFileType = text.plist.xml; path = Info.plist; sourceTree = "<group>"; };
		CB7465211BA4F30700D1A6A0 /* AppDelegate.swift */ = {isa = PBXFileReference; lastKnownFileType = sourcecode.swift; path = AppDelegate.swift; sourceTree = "<group>"; };
		CB7465231BA4F30700D1A6A0 /* ViewController.swift */ = {isa = PBXFileReference; lastKnownFileType = sourcecode.swift; path = ViewController.swift; sourceTree = "<group>"; };
		CB7465261BA4F30700D1A6A0 /* Base */ = {isa = PBXFileReference; lastKnownFileType = file.storyboard; name = Base; path = Base.lproj/Main.storyboard; sourceTree = "<group>"; };
		CB7465281BA4F30700D1A6A0 /* Images.xcassets */ = {isa = PBXFileReference; lastKnownFileType = folder.assetcatalog; path = Images.xcassets; sourceTree = "<group>"; };
		CB74652B1BA4F30700D1A6A0 /* Base */ = {isa = PBXFileReference; lastKnownFileType = file.xib; name = Base; path = Base.lproj/LaunchScreen.xib; sourceTree = "<group>"; };
		CB7465311BA4F30700D1A6A0 /* CalculatorTests.xctest */ = {isa = PBXFileReference; explicitFileType = wrapper.cfbundle; includeInIndex = 0; path = CalculatorTests.xctest; sourceTree = BUILT_PRODUCTS_DIR; };
		CB7465361BA4F30700D1A6A0 /* Info.plist */ = {isa = PBXFileReference; lastKnownFileType = text.plist.xml; path = Info.plist; sourceTree = "<group>"; };
		CB7465371BA4F30700D1A6A0 /* CalculatorTests.swift */ = {isa = PBXFileReference; lastKnownFileType = sourcecode.swift; path = CalculatorTests.swift; sourceTree = "<group>"; };
/* End PBXFileReference section */

/* Begin PBXFrameworksBuildPhase section */
		CB7465191BA4F30700D1A6A0 /* Frameworks */ = {
			isa = PBXFrameworksBuildPhase;
			buildActionMask = 2147483647;
			files = (
			);
			runOnlyForDeploymentPostprocessing = 0;
		};
		CB74652E1BA4F30700D1A6A0 /* Frameworks */ = {
			isa = PBXFrameworksBuildPhase;
			buildActionMask = 2147483647;
			files = (
			);
			runOnlyForDeploymentPostprocessing = 0;
		};
/* End PBXFrameworksBuildPhase section */

/* Begin PBXGroup section */
		CB7465131BA4F30700D1A6A0 = {
			isa = PBXGroup;
			children = (
				CB74651E1BA4F30700D1A6A0 /* Calculator */,
				CB7465341BA4F30700D1A6A0 /* CalculatorTests */,
				CB74651D1BA4F30700D1A6A0 /* Products */,
			);
			sourceTree = "<group>";
		};
		CB74651D1BA4F30700D1A6A0 /* Products */ = {
			isa = PBXGroup;
			children = (
				CB74651C1BA4F30700D1A6A0 /* Calculator.app */,
				CB7465311BA4F30700D1A6A0 /* CalculatorTests.xctest */,
			);
			name = Products;
			sourceTree = "<group>";
		};
		CB74651E1BA4F30700D1A6A0 /* Calculator */ = {
			isa = PBXGroup;
			children = (
				CB7465211BA4F30700D1A6A0 /* AppDelegate.swift */,
				CB7465231BA4F30700D1A6A0 /* ViewController.swift */,
				CB7465251BA4F30700D1A6A0 /* Main.storyboard */,
				CB7465281BA4F30700D1A6A0 /* Images.xcassets */,
				CB74652A1BA4F30700D1A6A0 /* LaunchScreen.xib */,
				CB74651F1BA4F30700D1A6A0 /* Supporting Files */,
			);
			path = Calculator;
			sourceTree = "<group>";
		};
		CB74651F1BA4F30700D1A6A0 /* Supporting Files */ = {
			isa = PBXGroup;
			children = (
				CB7465201BA4F30700D1A6A0 /* Info.plist */,
			);
			name = "Supporting Files";
			sourceTree = "<group>";
		};
		CB7465341BA4F30700D1A6A0 /* CalculatorTests */ = {
			isa = PBXGroup;
			children = (
				CB7465371BA4F30700D1A6A0 /* CalculatorTests.swift */,
				CB7465351BA4F30700D1A6A0 /* Supporting Files */,
			);
			path = CalculatorTests;
			sourceTree = "<group>";
		};
		CB7465351BA4F30700D1A6A0 /* Supporting Files */ = {
			isa = PBXGroup;
			children = (
				CB7465361BA4F30700D1A6A0 /* Info.plist */,
			);
			name = "Supporting Files";
			sourceTree = "<group>";
		};
/* End PBXGroup section */

/* Begin PBXNativeTarget section */
		CB74651B1BA4F30700D1A6A0 /* Calculator */ = {
			isa = PBXNativeTarget;
			buildConfigurationList = CB74653B1BA4F30700D1A6A0 /* Build configuration list for PBXNativeTarget "Calculator" */;
			buildPhases = (
				CB7465181BA4F30700D1A6A0 /* Sources */,
				CB7465191BA4F30700D1A6A0 /* Frameworks */,
				CB74651A1BA4F30700D1A6A0 /* Resources */,
			);
			buildRules = (
			);
			dependencies = (
			);
			name = Calculator;
			productName = Calculator;
			productReference = CB74651C1BA4F30700D1A6A0 /* Calculator.app */;
			productType = "com.apple.product-type.application";
		};
		CB7465301BA4F30700D1A6A0 /* CalculatorTests */ = {
			isa = PBXNativeTarget;
			buildConfigurationList = CB74653E1BA4F30700D1A6A0 /* Build configuration list for PBXNativeTarget "CalculatorTests" */;
			buildPhases = (
				CB74652D1BA4F30700D1A6A0 /* Sources */,
				CB74652E1BA4F30700D1A6A0 /* Frameworks */,
				CB74652F1BA4F30700D1A6A0 /* Resources */,
			);
			buildRules = (
			);
			dependencies = (
				CB7465331BA4F30700D1A6A0 /* PBXTargetDependency */,
			);
			name = CalculatorTests;
			productName = CalculatorTests;
			productReference = CB7465311BA4F30700D1A6A0 /* CalculatorTests.xctest */;
			productType = "com.apple.product-type.bundle.unit-test";
		};
/* End PBXNativeTarget section */

/* Begin PBXProject section */
		CB7465141BA4F30700D1A6A0 /* Project object */ = {
			isa = PBXProject;
			attributes = {
				LastUpgradeCheck = 0640;
				ORGANIZATIONNAME = "Charlie Depman";
				TargetAttributes = {
					CB74651B1BA4F30700D1A6A0 = {
						CreatedOnToolsVersion = 6.4;
					};
					CB7465301BA4F30700D1A6A0 = {
						CreatedOnToolsVersion = 6.4;
						TestTargetID = CB74651B1BA4F30700D1A6A0;
					};
				};
			};
			buildConfigurationList = CB7465171BA4F30700D1A6A0 /* Build configuration list for PBXProject "Calculator" */;
			compatibilityVersion = "Xcode 3.2";
			developmentRegion = English;
			hasScannedForEncodings = 0;
			knownRegions = (
				en,
				Base,
			);
			mainGroup = CB7465131BA4F30700D1A6A0;
			productRefGroup = CB74651D1BA4F30700D1A6A0 /* Products */;
			projectDirPath = "";
			projectRoot = "";
			targets = (
				CB74651B1BA4F30700D1A6A0 /* Calculator */,
				CB7465301BA4F30700D1A6A0 /* CalculatorTests */,
			);
		};
/* End PBXProject section */

/* Begin PBXResourcesBuildPhase section */
		CB74651A1BA4F30700D1A6A0 /* Resources */ = {
			isa = PBXResourcesBuildPhase;
			buildActionMask = 2147483647;
			files = (
				CB7465271BA4F30700D1A6A0 /* Main.storyboard in Resources */,
				CB74652C1BA4F30700D1A6A0 /* LaunchScreen.xib in Resources */,
				CB7465291BA4F30700D1A6A0 /* Images.xcassets in Resources */,
			);
			runOnlyForDeploymentPostprocessing = 0;
		};
		CB74652F1BA4F30700D1A6A0 /* Resources */ = {
			isa = PBXResourcesBuildPhase;
			buildActionMask = 2147483647;
			files = (
			);
			runOnlyForDeploymentPostprocessing = 0;
		};
/* End PBXResourcesBuildPhase section */

/* Begin PBXSourcesBuildPhase section */
		CB7465181BA4F30700D1A6A0 /* Sources */ = {
			isa = PBXSourcesBuildPhase;
			buildActionMask = 2147483647;
			files = (
				CB7465241BA4F30700D1A6A0 /* ViewController.swift in Sources */,
				CB7465221BA4F30700D1A6A0 /* AppDelegate.swift in Sources */,
			);
			runOnlyForDeploymentPostprocessing = 0;
		};
		CB74652D1BA4F30700D1A6A0 /* Sources */ = {
			isa = PBXSourcesBuildPhase;
			buildActionMask = 2147483647;
			files = (
				CB7465381BA4F30700D1A6A0 /* CalculatorTests.swift in Sources */,
			);
			runOnlyForDeploymentPostprocessing = 0;
		};
/* End PBXSourcesBuildPhase section */

/* Begin PBXTargetDependency section */
		CB7465331BA4F30700D1A6A0 /* PBXTargetDependency */ = {
			isa = PBXTargetDependency;
			target = CB74651B1BA4F30700D1A6A0 /* Calculator */;
			targetProxy = CB7465321BA4F30700D1A6A0 /* PBXContainerItemProxy */;
		};
/* End PBXTargetDependency section */

/* Begin PBXVariantGroup section */
		CB7465251BA4F30700D1A6A0 /* Main.storyboard */ = {
			isa = PBXVariantGroup;
			children = (
				CB7465261BA4F30700D1A6A0 /* Base */,
			);
			name = Main.storyboard;
			sourceTree = "<group>";
		};
		CB74652A1BA4F30700D1A6A0 /* LaunchScreen.xib */ = {
			isa = PBXVariantGroup;
			children = (
				CB74652B1BA4F30700D1A6A0 /* Base */,
			);
			name = LaunchScreen.xib;
			sourceTree = "<group>";
		};
/* End PBXVariantGroup section */

/* Begin XCBuildConfiguration section */
		CB7465391BA4F30700D1A6A0 /* Debug */ = {
			isa = XCBuildConfiguration;
			buildSettings = {
				ALWAYS_SEARCH_USER_PATHS = NO;
				CLANG_CXX_LANGUAGE_STANDARD = "gnu++0x";
				CLANG_CXX_LIBRARY = "libc++";
				CLANG_ENABLE_MODULES = YES;
				CLANG_ENABLE_OBJC_ARC = YES;
				CLANG_WARN_BOOL_CONVERSION = YES;
				CLANG_WARN_CONSTANT_CONVERSION = YES;
				CLANG_WARN_DIRECT_OBJC_ISA_USAGE = YES_ERROR;
				CLANG_WARN_EMPTY_BODY = YES;
				CLANG_WARN_ENUM_CONVERSION = YES;
				CLANG_WARN_INT_CONVERSION = YES;
				CLANG_WARN_OBJC_ROOT_CLASS = YES_ERROR;
				CLANG_WARN_UNREACHABLE_CODE = YES;
				CLANG_WARN__DUPLICATE_METHOD_MATCH = YES;
				"CODE_SIGN_IDENTITY[sdk=iphoneos*]" = "iPhone Developer";
				COPY_PHASE_STRIP = NO;
				DEBUG_INFORMATION_FORMAT = "dwarf-with-dsym";
				ENABLE_STRICT_OBJC_MSGSEND = YES;
				GCC_C_LANGUAGE_STANDARD = gnu99;
				GCC_DYNAMIC_NO_PIC = NO;
				GCC_NO_COMMON_BLOCKS = YES;
				GCC_OPTIMIZATION_LEVEL = 0;
				GCC_PREPROCESSOR_DEFINITIONS = (
					"DEBUG=1",
					"$(inherited)",
				);
				GCC_SYMBOLS_PRIVATE_EXTERN = NO;
				GCC_WARN_64_TO_32_BIT_CONVERSION = YES;
				GCC_WARN_ABOUT_RETURN_TYPE = YES_ERROR;
				GCC_WARN_UNDECLARED_SELECTOR = YES;
				GCC_WARN_UNINITIALIZED_AUTOS = YES_AGGRESSIVE;
				GCC_WARN_UNUSED_FUNCTION = YES;
				GCC_WARN_UNUSED_VARIABLE = YES;
				IPHONEOS_DEPLOYMENT_TARGET = 8.4;
				MTL_ENABLE_DEBUG_INFO = YES;
				ONLY_ACTIVE_ARCH = YES;
				SDKROOT = iphoneos;
				SWIFT_OPTIMIZATION_LEVEL = "-Onone";
			};
			name = Debug;
		};
		CB74653A1BA4F30700D1A6A0 /* Release */ = {
			isa = XCBuildConfiguration;
			buildSettings = {
				ALWAYS_SEARCH_USER_PATHS = NO;
				CLANG_CXX_LANGUAGE_STANDARD = "gnu++0x";
				CLANG_CXX_LIBRARY = "libc++";
				CLANG_ENABLE_MODULES = YES;
				CLANG_ENABLE_OBJC_ARC = YES;
				CLANG_WARN_BOOL_CONVERSION = YES;
				CLANG_WARN_CONSTANT_CONVERSION = YES;
				CLANG_WARN_DIRECT_OBJC_ISA_USAGE = YES_ERROR;
				CLANG_WARN_EMPTY_BODY = YES;
				CLANG_WARN_ENUM_CONVERSION = YES;
				CLANG_WARN_INT_CONVERSION = YES;
				CLANG_WARN_OBJC_ROOT_CLASS = YES_ERROR;
				CLANG_WARN_UNREACHABLE_CODE = YES;
				CLANG_WARN__DUPLICATE_METHOD_MATCH = YES;
				"CODE_SIGN_IDENTITY[sdk=iphoneos*]" = "iPhone Developer";
				COPY_PHASE_STRIP = NO;
				DEBUG_INFORMATION_FORMAT = "dwarf-with-dsym";
				ENABLE_NS_ASSERTIONS = NO;
				ENABLE_STRICT_OBJC_MSGSEND = YES;
				GCC_C_LANGUAGE_STANDARD = gnu99;
				GCC_NO_COMMON_BLOCKS = YES;
				GCC_WARN_64_TO_32_BIT_CONVERSION = YES;
				GCC_WARN_ABOUT_RETURN_TYPE = YES_ERROR;
				GCC_WARN_UNDECLARED_SELECTOR = YES;
				GCC_WARN_UNINITIALIZED_AUTOS = YES_AGGRESSIVE;
				GCC_WARN_UNUSED_FUNCTION = YES;
				GCC_WARN_UNUSED_VARIABLE = YES;
				IPHONEOS_DEPLOYMENT_TARGET = 8.4;
				MTL_ENABLE_DEBUG_INFO = NO;
				SDKROOT = iphoneos;
				VALIDATE_PRODUCT = YES;
			};
			name = Release;
		};
		CB74653C1BA4F30700D1A6A0 /* Debug */ = {
			isa = XCBuildConfiguration;
			buildSettings = {
				ASSETCATALOG_COMPILER_APPICON_NAME = AppIcon;
				INFOPLIST_FILE = Calculator/Info.plist;
				LD_RUNPATH_SEARCH_PATHS = "$(inherited) @executable_path/Frameworks";
				PRODUCT_NAME = "$(TARGET_NAME)";
			};
			name = Debug;
		};
		CB74653D1BA4F30700D1A6A0 /* Release */ = {
			isa = XCBuildConfiguration;
			buildSettings = {
				ASSETCATALOG_COMPILER_APPICON_NAME = AppIcon;
				INFOPLIST_FILE = Calculator/Info.plist;
				LD_RUNPATH_SEARCH_PATHS = "$(inherited) @executable_path/Frameworks";
				PRODUCT_NAME = "$(TARGET_NAME)";
			};
			name = Release;
		};
		CB74653F1BA4F30700D1A6A0 /* Debug */ = {
			isa = XCBuildConfiguration;
			buildSettings = {
				BUNDLE_LOADER = "$(TEST_HOST)";
				FRAMEWORK_SEARCH_PATHS = (
					"$(SDKROOT)/Developer/Library/Frameworks",
					"$(inherited)",
				);
				GCC_PREPROCESSOR_DEFINITIONS = (
					"DEBUG=1",
					"$(inherited)",
				);
				INFOPLIST_FILE = CalculatorTests/Info.plist;
				LD_RUNPATH_SEARCH_PATHS = "$(inherited) @executable_path/Frameworks @loader_path/Frameworks";
				PRODUCT_NAME = "$(TARGET_NAME)";
				TEST_HOST = "$(BUILT_PRODUCTS_DIR)/Calculator.app/Calculator";
			};
			name = Debug;
		};
		CB7465401BA4F30700D1A6A0 /* Release */ = {
			isa = XCBuildConfiguration;
			buildSettings = {
				BUNDLE_LOADER = "$(TEST_HOST)";
				FRAMEWORK_SEARCH_PATHS = (
					"$(SDKROOT)/Developer/Library/Frameworks",
					"$(inherited)",
				);
				INFOPLIST_FILE = CalculatorTests/Info.plist;
				LD_RUNPATH_SEARCH_PATHS = "$(inherited) @executable_path/Frameworks @loader_path/Frameworks";
				PRODUCT_NAME = "$(TARGET_NAME)";
				TEST_HOST = "$(BUILT_PRODUCTS_DIR)/Calculator.app/Calculator";
			};
			name = Release;
		};
/* End XCBuildConfiguration section */

/* Begin XCConfigurationList section */
		CB7465171BA4F30700D1A6A0 /* Build configuration list for PBXProject "Calculator" */ = {
			isa = XCConfigurationList;
			buildConfigurations = (
				CB7465391BA4F30700D1A6A0 /* Debug */,
				CB74653A1BA4F30700D1A6A0 /* Release */,
			);
			defaultConfigurationIsVisible = 0;
			defaultConfigurationName = Release;
		};
		CB74653B1BA4F30700D1A6A0 /* Build configuration list for PBXNativeTarget "Calculator" */ = {
			isa = XCConfigurationList;
			buildConfigurations = (
				CB74653C1BA4F30700D1A6A0 /* Debug */,
				CB74653D1BA4F30700D1A6A0 /* Release */,
			);
			defaultConfigurationIsVisible = 0;
		};
		CB74653E1BA4F30700D1A6A0 /* Build configuration list for PBXNativeTarget "CalculatorTests" */ = {
			isa = XCConfigurationList;
			buildConfigurations = (
				CB74653F1BA4F30700D1A6A0 /* Debug */,
				CB7465401BA4F30700D1A6A0 /* Release */,
			);
			defaultConfigurationIsVisible = 0;
		};
/* End XCConfigurationList section */
	};
	rootObject = CB7465141BA4F30700D1A6A0 /* Project object */;
}
